// !$*UTF8*$!
{
	archiveVersion = 1;
	classes = {
	};
	objectVersion = 46;
	objects = {

/* Begin PBXBuildFile section */
		4251118C1DFD8D220093669E /* AppDelegate.swift in Sources */ = {isa = PBXBuildFile; fileRef = 4251118B1DFD8D220093669E /* AppDelegate.swift */; };
		4251118E1DFD8D220093669E /* ViewController.swift in Sources */ = {isa = PBXBuildFile; fileRef = 4251118D1DFD8D220093669E /* ViewController.swift */; };
		425111911DFD8D220093669E /* Main.storyboard in Resources */ = {isa = PBXBuildFile; fileRef = 4251118F1DFD8D220093669E /* Main.storyboard */; };
		425111931DFD8D230093669E /* Assets.xcassets in Resources */ = {isa = PBXBuildFile; fileRef = 425111921DFD8D230093669E /* Assets.xcassets */; };
		425111961DFD8D230093669E /* LaunchScreen.storyboard in Resources */ = {isa = PBXBuildFile; fileRef = 425111941DFD8D230093669E /* LaunchScreen.storyboard */; };
/* End PBXBuildFile section */

/* Begin PBXFileReference section */
		425111881DFD8D220093669E /* ChristmasCountdown.app */ = {isa = PBXFileReference; explicitFileType = wrapper.application; includeInIndex = 0; path = ChristmasCountdown.app; sourceTree = BUILT_PRODUCTS_DIR; };
		4251118B1DFD8D220093669E /* AppDelegate.swift */ = {isa = PBXFileReference; lastKnownFileType = sourcecode.swift; path = AppDelegate.swift; sourceTree = "<group>"; };
		4251118D1DFD8D220093669E /* ViewController.swift */ = {isa = PBXFileReference; lastKnownFileType = sourcecode.swift; path = ViewController.swift; sourceTree = "<group>"; };
		425111901DFD8D220093669E /* Base */ = {isa = PBXFileReference; lastKnownFileType = file.storyboard; name = Base; path = Base.lproj/Main.storyboard; sourceTree = "<group>"; };
		425111921DFD8D230093669E /* Assets.xcassets */ = {isa = PBXFileReference; lastKnownFileType = folder.assetcatalog; path = Assets.xcassets; sourceTree = "<group>"; };
		425111951DFD8D230093669E /* Base */ = {isa = PBXFileReference; lastKnownFileType = file.storyboard; name = Base; path = Base.lproj/LaunchScreen.storyboard; sourceTree = "<group>"; };
		425111971DFD8D230093669E /* Info.plist */ = {isa = PBXFileReference; lastKnownFileType = text.plist.xml; path = Info.plist; sourceTree = "<group>"; };
/* End PBXFileReference section */

/* Begin PBXFrameworksBuildPhase section */
		425111851DFD8D200093669E /* Frameworks */ = {
			isa = PBXFrameworksBuildPhase;
			buildActionMask = 2147483647;
			files = (
			);
			runOnlyForDeploymentPostprocessing = 0;
		};
/* End PBXFrameworksBuildPhase section */

/* Begin PBXGroup section */
		4251117F1DFD8D200093669E = {
			isa = PBXGroup;
			children = (
				4251118A1DFD8D220093669E /* ChristmasCountdown */,
				425111891DFD8D220093669E /* Products */,
			);
			sourceTree = "<group>";
		};
		425111891DFD8D220093669E /* Products */ = {
			isa = PBXGroup;
			children = (
				425111881DFD8D220093669E /* ChristmasCountdown.app */,
			);
			name = Products;
			sourceTree = "<group>";
		};
		4251118A1DFD8D220093669E /* ChristmasCountdown */ = {
			isa = PBXGroup;
			children = (
				4251118B1DFD8D220093669E /* AppDelegate.swift */,
				4251118D1DFD8D220093669E /* ViewController.swift */,
				4251118F1DFD8D220093669E /* Main.storyboard */,
				425111921DFD8D230093669E /* Assets.xcassets */,
				425111941DFD8D230093669E /* LaunchScreen.storyboard */,
				425111971DFD8D230093669E /* Info.plist */,
			);
			path = ChristmasCountdown;
			sourceTree = "<group>";
		};
/* End PBXGroup section */

/* Begin PBXNativeTarget section */
		425111871DFD8D200093669E /* ChristmasCountdown */ = {
			isa = PBXNativeTarget;
			buildConfigurationList = 4251119A1DFD8D230093669E /* Build configuration list for PBXNativeTarget "ChristmasCountdown" */;
			buildPhases = (
				425111841DFD8D200093669E /* Sources */,
				425111851DFD8D200093669E /* Frameworks */,
				425111861DFD8D200093669E /* Resources */,
			);
			buildRules = (
			);
			dependencies = (
			);
			name = ChristmasCountdown;
			productName = ChristmasCountdown;
			productReference = 425111881DFD8D220093669E /* ChristmasCountdown.app */;
			productType = "com.apple.product-type.application";
		};
/* End PBXNativeTarget section */

/* Begin PBXProject section */
		425111801DFD8D200093669E /* Project object */ = {
			isa = PBXProject;
			attributes = {
				LastSwiftUpdateCheck = 0810;
				LastUpgradeCheck = 0810;
				ORGANIZATIONNAME = WERUreo;
				TargetAttributes = {
					425111871DFD8D200093669E = {
						CreatedOnToolsVersion = 8.1;
						DevelopmentTeam = 4X359D924E;
						ProvisioningStyle = Automatic;
					};
				};
			};
			buildConfigurationList = 425111831DFD8D200093669E /* Build configuration list for PBXProject "ChristmasCountdown" */;
			compatibilityVersion = "Xcode 3.2";
			developmentRegion = English;
			hasScannedForEncodings = 0;
			knownRegions = (
				en,
				Base,
			);
			mainGroup = 4251117F1DFD8D200093669E;
			productRefGroup = 425111891DFD8D220093669E /* Products */;
			projectDirPath = "";
			projectRoot = "";
			targets = (
				425111871DFD8D200093669E /* ChristmasCountdown */,
			);
		};
/* End PBXProject section */

/* Begin PBXResourcesBuildPhase section */
		425111861DFD8D200093669E /* Resources */ = {
			isa = PBXResourcesBuildPhase;
			buildActionMask = 2147483647;
			files = (
				425111961DFD8D230093669E /* LaunchScreen.storyboard in Resources */,
				425111931DFD8D230093669E /* Assets.xcassets in Resources */,
				425111911DFD8D220093669E /* Main.storyboard in Resources */,
			);
			runOnlyForDeploymentPostprocessing = 0;
		};
/* End PBXResourcesBuildPhase section */

/* Begin PBXSourcesBuildPhase section */
		425111841DFD8D200093669E /* Sources */ = {
			isa = PBXSourcesBuildPhase;
			buildActionMask = 2147483647;
			files = (
				4251118E1DFD8D220093669E /* ViewController.swift in Sources */,
				4251118C1DFD8D220093669E /* AppDelegate.swift in Sources */,
			);
			runOnlyForDeploymentPostprocessing = 0;
		};
/* End PBXSourcesBuildPhase section */

/* Begin PBXVariantGroup section */
		4251118F1DFD8D220093669E /* Main.storyboard */ = {
			isa = PBXVariantGroup;
			children = (
				425111901DFD8D220093669E /* Base */,
			);
			name = Main.storyboard;
			sourceTree = "<group>";
		};
		425111941DFD8D230093669E /* LaunchScreen.storyboard */ = {
			isa = PBXVariantGroup;
			children = (
				425111951DFD8D230093669E /* Base */,
			);
			name = LaunchScreen.storyboard;
			sourceTree = "<group>";
		};
/* End PBXVariantGroup section */

/* Begin XCBuildConfiguration section */
		425111981DFD8D230093669E /* Debug */ = {
			isa = XCBuildConfiguration;
			buildSettings = {
				ALWAYS_SEARCH_USER_PATHS = NO;
				CLANG_ANALYZER_NONNULL = YES;
				CLANG_CXX_LANGUAGE_STANDARD = "gnu++0x";
				CLANG_CXX_LIBRARY = "libc++";
				CLANG_ENABLE_MODULES = YES;
				CLANG_ENABLE_OBJC_ARC = YES;
				CLANG_WARN_BOOL_CONVERSION = YES;
				CLANG_WARN_CONSTANT_CONVERSION = YES;
				CLANG_WARN_DIRECT_OBJC_ISA_USAGE = YES_ERROR;
				CLANG_WARN_DOCUMENTATION_COMMENTS = YES;
				CLANG_WARN_EMPTY_BODY = YES;
				CLANG_WARN_ENUM_CONVERSION = YES;
				CLANG_WARN_INFINITE_RECURSION = YES;
				CLANG_WARN_INT_CONVERSION = YES;
				CLANG_WARN_OBJC_ROOT_CLASS = YES_ERROR;
				CLANG_WARN_SUSPICIOUS_MOVES = YES;
				CLANG_WARN_UNREACHABLE_CODE = YES;
				CLANG_WARN__DUPLICATE_METHOD_MATCH = YES;
				"CODE_SIGN_IDENTITY[sdk=iphoneos*]" = "iPhone Developer";
				COPY_PHASE_STRIP = NO;
				DEBUG_INFORMATION_FORMAT = dwarf;
				ENABLE_STRICT_OBJC_MSGSEND = YES;
				ENABLE_TESTABILITY = YES;
				GCC_C_LANGUAGE_STANDARD = gnu99;
				GCC_DYNAMIC_NO_PIC = NO;
				GCC_NO_COMMON_BLOCKS = YES;
				GCC_OPTIMIZATION_LEVEL = 0;
				GCC_PREPROCESSOR_DEFINITIONS = (
					"DEBUG=1",
					"$(inherited)",
				);
				GCC_WARN_64_TO_32_BIT_CONVERSION = YES;
				GCC_WARN_ABOUT_RETURN_TYPE = YES_ERROR;
				GCC_WARN_UNDECLARED_SELECTOR = YES;
				GCC_WARN_UNINITIALIZED_AUTOS = YES_AGGRESSIVE;
				GCC_WARN_UNUSED_FUNCTION = YES;
				GCC_WARN_UNUSED_VARIABLE = YES;
				IPHONEOS_DEPLOYMENT_TARGET = 10.1;
				MTL_ENABLE_DEBUG_INFO = YES;
				ONLY_ACTIVE_ARCH = YES;
				SDKROOT = iphoneos;
				SWIFT_ACTIVE_COMPILATION_CONDITIONS = DEBUG;
				SWIFT_OPTIMIZATION_LEVEL = "-Onone";
				TARGETED_DEVICE_FAMILY = "1,2";
			};
			name = Debug;
		};
		425111991DFD8D230093669E /* Release */ = {
			isa = XCBuildConfiguration;
			buildSettings = {
				ALWAYS_SEARCH_USER_PATHS = NO;
				CLANG_ANALYZER_NONNULL = YES;
				CLANG_CXX_LANGUAGE_STANDARD = "gnu++0x";
				CLANG_CXX_LIBRARY = "libc++";
				CLANG_ENABLE_MODULES = YES;
				CLANG_ENABLE_OBJC_ARC = YES;
				CLANG_WARN_BOOL_CONVERSION = YES;
				CLANG_WARN_CONSTANT_CONVERSION = YES;
				CLANG_WARN_DIRECT_OBJC_ISA_USAGE = YES_ERROR;
				CLANG_WARN_DOCUMENTATION_COMMENTS = YES;
				CLANG_WARN_EMPTY_BODY = YES;
				CLANG_WARN_ENUM_CONVERSION = YES;
				CLANG_WARN_INFINITE_RECURSION = YES;
				CLANG_WARN_INT_CONVERSION = YES;
				CLANG_WARN_OBJC_ROOT_CLASS = YES_ERROR;
				CLANG_WARN_SUSPICIOUS_MOVES = YES;
				CLANG_WARN_UNREACHABLE_CODE = YES;
				CLANG_WARN__DUPLICATE_METHOD_MATCH = YES;
				"CODE_SIGN_IDENTITY[sdk=iphoneos*]" = "iPhone Developer";
				COPY_PHASE_STRIP = NO;
				DEBUG_INFORMATION_FORMAT = "dwarf-with-dsym";
				ENABLE_NS_ASSERTIONS = NO;
				ENABLE_STRICT_OBJC_MSGSEND = YES;
				GCC_C_LANGUAGE_STANDARD = gnu99;
				GCC_NO_COMMON_BLOCKS = YES;
				GCC_WARN_64_TO_32_BIT_CONVERSION = YES;
				GCC_WARN_ABOUT_RETURN_TYPE = YES_ERROR;
				GCC_WARN_UNDECLARED_SELECTOR = YES;
				GCC_WARN_UNINITIALIZED_AUTOS = YES_AGGRESSIVE;
				GCC_WARN_UNUSED_FUNCTION = YES;
				GCC_WARN_UNUSED_VARIABLE = YES;
				IPHONEOS_DEPLOYMENT_TARGET = 10.1;
				MTL_ENABLE_DEBUG_INFO = NO;
				SDKROOT = iphoneos;
				SWIFT_OPTIMIZATION_LEVEL = "-Owholemodule";
				TARGETED_DEVICE_FAMILY = "1,2";
				VALIDATE_PRODUCT = YES;
			};
			name = Release;
		};
		4251119B1DFD8D230093669E /* Debug */ = {
			isa = XCBuildConfiguration;
			buildSettings = {
				ASSETCATALOG_COMPILER_APPICON_NAME = AppIcon;
				DEVELOPMENT_TEAM = 4X359D924E;
				INFOPLIST_FILE = ChristmasCountdown/Info.plist;
				LD_RUNPATH_SEARCH_PATHS = "$(inherited) @executable_path/Frameworks";
				PRODUCT_BUNDLE_IDENTIFIER = com.werureo.ChristmasCountdown;
				PRODUCT_NAME = "$(TARGET_NAME)";
				SWIFT_VERSION = 3.0;
			};
			name = Debug;
		};
		4251119C1DFD8D230093669E /* Release */ = {
			isa = XCBuildConfiguration;
			buildSettings = {
				ASSETCATALOG_COMPILER_APPICON_NAME = AppIcon;
				DEVELOPMENT_TEAM = 4X359D924E;
				INFOPLIST_FILE = ChristmasCountdown/Info.plist;
				LD_RUNPATH_SEARCH_PATHS = "$(inherited) @executable_path/Frameworks";
				PRODUCT_BUNDLE_IDENTIFIER = com.werureo.ChristmasCountdown;
				PRODUCT_NAME = "$(TARGET_NAME)";
				SWIFT_VERSION = 3.0;
			};
			name = Release;
		};
/* End XCBuildConfiguration section */

/* Begin XCConfigurationList section */
		425111831DFD8D200093669E /* Build configuration list for PBXProject "ChristmasCountdown" */ = {
			isa = XCConfigurationList;
			buildConfigurations = (
				425111981DFD8D230093669E /* Debug */,
				425111991DFD8D230093669E /* Release */,
			);
			defaultConfigurationIsVisible = 0;
			defaultConfigurationName = Release;
		};
		4251119A1DFD8D230093669E /* Build configuration list for PBXNativeTarget "ChristmasCountdown" */ = {
			isa = XCConfigurationList;
			buildConfigurations = (
				4251119B1DFD8D230093669E /* Debug */,
				4251119C1DFD8D230093669E /* Release */,
			);
			defaultConfigurationIsVisible = 0;
		};
/* End XCConfigurationList section */
	};
	rootObject = 425111801DFD8D200093669E /* Project object */;
}
